<?xml version="1.0" encoding="utf-8"?>
<Project ToolsVersion="4.0" xmlns="http://schemas.microsoft.com/developer/msbuild/2003">
  <ItemGroup>
    <ClCompile Include="BitMapFile.cpp">
      <Filter>Object</Filter>
    </ClCompile>
    <ClCompile Include="BitMapManager.cpp">
      <Filter>Manager</Filter>
    </ClCompile>
    <ClCompile Include="Core.cpp">
      <Filter>MainCore</Filter>
    </ClCompile>
    <ClCompile Include="FiniteState.cpp">
      <Filter>Pattern</Filter>
    </ClCompile>
    <ClCompile Include="FiniteStateMachine.cpp">
      <Filter>Pattern</Filter>
    </ClCompile>
    <ClCompile Include="IEnemyState.cpp">
      <Filter>Pattern</Filter>
    </ClCompile>
    <ClCompile Include="Input.cpp">
      <Filter>MainCore</Filter>
    </ClCompile>
    <ClCompile Include="IPlayerState.cpp">
      <Filter>Pattern</Filter>
    </ClCompile>
    <ClCompile Include="MyBitMap.cpp">
      <Filter>Object</Filter>
    </ClCompile>
    <ClCompile Include="MyEffect.cpp">
      <Filter>Object</Filter>
    </ClCompile>
    <ClCompile Include="MyEnemy.cpp">
      <Filter>Object</Filter>
    </ClCompile>
    <ClCompile Include="MyObject.cpp">
      <Filter>Object</Filter>
    </ClCompile>
    <ClCompile Include="MyPlayer.cpp">
      <Filter>Object</Filter>
    </ClCompile>
    <ClCompile Include="MyRect.cpp">
      <Filter>Object</Filter>
    </ClCompile>
    <ClCompile Include="MySound.cpp">
      <Filter>Object</Filter>
    </ClCompile>
    <ClCompile Include="ObjectManager.cpp">
      <Filter>Manager</Filter>
    </ClCompile>
    <ClCompile Include="SoundManager.cpp">
      <Filter>Manager</Filter>
    </ClCompile>
    <ClCompile Include="Window.cpp">
      <Filter>MainCore</Filter>
    </ClCompile>
    <ClCompile Include="Timer.cpp">
      <Filter>MainCore</Filter>
    </ClCompile>
  </ItemGroup>
  <ItemGroup>
    <ClInclude Include="Basis.h">
      <Filter>MainCore</Filter>
    </ClInclude>
    <ClInclude Include="BitMapFile.h">
      <Filter>Object</Filter>
    </ClInclude>
    <ClInclude Include="BitMapManager.h">
      <Filter>Manager</Filter>
    </ClInclude>
    <ClInclude Include="Core.h">
      <Filter>MainCore</Filter>
    </ClInclude>
    <ClInclude Include="FiniteState.h">
      <Filter>Pattern</Filter>
    </ClInclude>
    <ClInclude Include="FiniteStateMachine.h">
      <Filter>Pattern</Filter>
    </ClInclude>
    <ClInclude Include="header.h">
      <Filter>MainCore</Filter>
    </ClInclude>
    <ClInclude Include="IEnemyState.h">
      <Filter>Pattern</Filter>
    </ClInclude>
    <ClInclude Include="Input.h">
      <Filter>MainCore</Filter>
    </ClInclude>
    <ClInclude Include="IPlayerState.h">
      <Filter>Pattern</Filter>
    </ClInclude>
    <ClInclude Include="MemoryPull.h">
      <Filter>Manager</Filter>
    </ClInclude>
    <ClInclude Include="MyBitMap.h">
      <Filter>Object</Filter>
    </ClInclude>
    <ClInclude Include="MyEffect.h">
      <Filter>Object</Filter>
    </ClInclude>
    <ClInclude Include="MyEnemy.h">
      <Filter>Object</Filter>
    </ClInclude>
    <ClInclude Include="MyObject.h">
      <Filter>Object</Filter>
    </ClInclude>
    <ClInclude Include="MyPlayer.h">
      <Filter>Object</Filter>
    </ClInclude>
    <ClInclude Include="MyRect.h">
      <Filter>Object</Filter>
    </ClInclude>
    <ClInclude Include="MySound.h">
      <Filter>Object</Filter>
    </ClInclude>
    <ClInclude Include="ObjectManager.h">
      <Filter>Manager</Filter>
    </ClInclude>
    <ClInclude Include="SoundManager.h">
      <Filter>Manager</Filter>
    </ClInclude>
    <ClInclude Include="Window.h">
      <Filter>MainCore</Filter>
    </ClInclude>
    <ClInclude Include="Timer.h">
      <Filter>MainCore</Filter>
    </ClInclude>
    <ClInclude Include="Singleton.h">
      <Filter>MainCore</Filter>
    </ClInclude>
    <ClInclude Include="Sprite.h">
      <Filter>Object</Filter>
    </ClInclude>
  </ItemGroup>
  <ItemGroup>
    <None Include="ClassDiagram.cd" />
    <None Include="ClassDiagram1.cd" />
  </ItemGroup>
  <ItemGroup>
    <Filter Include="MainCore">
      <UniqueIdentifier>{e3e85cbb-7632-467a-9ff4-46bc336cb00b}</UniqueIdentifier>
    </Filter>
    <Filter Include="Manager">
      <UniqueIdentifier>{839785e9-eccf-4fea-a59b-a5d5936dacb6}</UniqueIdentifier>
    </Filter>
    <Filter Include="Object">
      <UniqueIdentifier>{3001faa8-cc58-48d5-aae6-1b20d00f94c4}</UniqueIdentifier>
    </Filter>
    <Filter Include="Pattern">
      <UniqueIdentifier>{7b097f10-8588-4493-b899-72934d606e6a}</UniqueIdentifier>
    </Filter>
  </ItemGroup>
</Project>