
Microsoft Visual Studio Solution File, Format Version 12.00
# Visual Studio 15
VisualStudioVersion = 15.0.26730.16
MinimumVisualStudioVersion = 10.0.40219.1
Project("{2150E333-8FDC-42A3-9474-1A3956D46DE8}") = "C언어", "C언어", "{4039FEA4-560F-40E9-AE45-08A32AAA7C8C}"
EndProject
Project("{2150E333-8FDC-42A3-9474-1A3956D46DE8}") = "C++", "C++", "{6D6F9F79-AF2F-4BC5-8534-E2C99D8E797D}"
EndProject
Project("{2150E333-8FDC-42A3-9474-1A3956D46DE8}") = "API", "API", "{87B9C645-6B76-4F6F-B475-0699E06BFD4A}"
EndProject
Project("{2150E333-8FDC-42A3-9474-1A3956D46DE8}") = "DirectX", "DirectX", "{3C609609-77EB-4327-8C0D-C4E2BB925C85}"
	ProjectSection(SolutionItems) = preProject
		src\geometry.txt = src\geometry.txt
	EndProjectSection
EndProject
Project("{2150E333-8FDC-42A3-9474-1A3956D46DE8}") = "Network", "Network", "{96EBD89D-03C0-46C0-ACD7-6B09421B8748}"
	ProjectSection(SolutionItems) = preProject
		src\server.txt = src\server.txt
	EndProjectSection
EndProject
Project("{2150E333-8FDC-42A3-9474-1A3956D46DE8}") = "MFC", "MFC", "{034D3236-7FD6-438C-804F-433575A43214}"
EndProject
Project("{8BC9CEB8-8B4A-11D0-8D11-00A0C91BC942}") = "_CoreLib D3D", "src\CoreLib 3D\CoreLib 3D.vcxproj", "{D961CB9F-97FD-4041-8523-0F75B1343CB0}"
EndProject
Project("{8BC9CEB8-8B4A-11D0-8D11-00A0C91BC942}") = "_test D3D", "src\test 3D\test 3D.vcxproj", "{225A8550-2587-4826-8CE8-469E8CB9CE74}"
EndProject
Project("{8BC9CEB8-8B4A-11D0-8D11-00A0C91BC942}") = "EffectTool", "src\EffectTool\EffectTool.vcxproj", "{FFA1B915-1D44-4B0B-A60D-BA1E5138EC0D}"
	ProjectSection(ProjectDependencies) = postProject
		{D961CB9F-97FD-4041-8523-0F75B1343CB0} = {D961CB9F-97FD-4041-8523-0F75B1343CB0}
	EndProjectSection
EndProject
Project("{8BC9CEB8-8B4A-11D0-8D11-00A0C91BC942}") = "ServerLib", "src\ServerLib\ServerLib.vcxproj", "{A05A1AD1-B977-4615-BAB5-4A4B4A20EA6B}"
EndProject
Project("{8BC9CEB8-8B4A-11D0-8D11-00A0C91BC942}") = "chellenge", "src\chellenge\chellenge.vcxproj", "{C4C93239-2BE2-4CBB-B8F5-934FD8D92C3E}"
EndProject
Project("{8BC9CEB8-8B4A-11D0-8D11-00A0C91BC942}") = "MaxExporter", "src\MaxExporter\MaxExporter.vcxproj", "{0D5E3896-AA87-44D5-9CF0-7ED51A7349CB}"
EndProject
Project("{8BC9CEB8-8B4A-11D0-8D11-00A0C91BC942}") = "test API", "src\test API\test API.vcxproj", "{0456A64B-0712-4E26-8A13-5D906ABF68F4}"
	ProjectSection(ProjectDependencies) = postProject
		{7F433A7B-5A2C-4097-B484-B22758BD241C} = {7F433A7B-5A2C-4097-B484-B22758BD241C}
	EndProjectSection
EndProject
Project("{8BC9CEB8-8B4A-11D0-8D11-00A0C91BC942}") = "test backup", "src\test 3D backup\test 3D backup.vcxproj", "{AB86AF0B-BA90-4C2A-86CA-5F9CAA1BB148}"
EndProject
Project("{8BC9CEB8-8B4A-11D0-8D11-00A0C91BC942}") = "socket_client", "src\socket_client\socket_client.vcxproj", "{DB9ABF9F-50E0-484E-AE14-AF88AA500EF7}"
EndProject
Project("{8BC9CEB8-8B4A-11D0-8D11-00A0C91BC942}") = "_ServerTest", "src\serverTest\serverTest.vcxproj", "{F0297E40-5636-4540-81E6-DB8C902F8E66}"
EndProject
Project("{8BC9CEB8-8B4A-11D0-8D11-00A0C91BC942}") = "kakao", "src\kakao\kakao.vcxproj", "{F9DE2BA5-DD53-448F-BC7E-0B3E45C24E64}"
EndProject
Project("{8BC9CEB8-8B4A-11D0-8D11-00A0C91BC942}") = "0313 File", "src\0313 File\0313 File.vcxproj", "{7B650CFA-AB54-4042-AAA2-546E7BB46719}"
EndProject
Project("{8BC9CEB8-8B4A-11D0-8D11-00A0C91BC942}") = "TurmP", "src\vc++Shooting\TurmP.vcxproj", "{56F7C9E2-4369-4040-9BF9-9BC567A481AC}"
EndProject
Project("{8BC9CEB8-8B4A-11D0-8D11-00A0C91BC942}") = "test DX", "src\test DX\test.vcxproj", "{B1D41A01-535D-4460-B8C2-A7CCEFD563F0}"
	ProjectSection(ProjectDependencies) = postProject
		{A39139AF-B834-405C-B633-4EFA5B97CD74} = {A39139AF-B834-405C-B633-4EFA5B97CD74}
	EndProjectSection
EndProject
Project("{8BC9CEB8-8B4A-11D0-8D11-00A0C91BC942}") = "socket_server", "src\socket_server\socket_server.vcxproj", "{15A22721-2D6E-4AC5-B404-CDCA91C22ADC}"
EndProject
Project("{8BC9CEB8-8B4A-11D0-8D11-00A0C91BC942}") = "0711 broadRecv", "src\serverUDP\serverUDP.vcxproj", "{D4EE454C-A842-4ED4-8854-D32273746FB9}"
EndProject
Project("{8BC9CEB8-8B4A-11D0-8D11-00A0C91BC942}") = "0710 iocp", "src\serverSample\serverSample.vcxproj", "{82B1C692-5833-480A-B5FE-2A630FA4B40F}"
EndProject
Project("{8BC9CEB8-8B4A-11D0-8D11-00A0C91BC942}") = "SQL Server", "src\SQL Server\SQL Server.vcxproj", "{CCD0C42E-2249-4186-9993-463B597AAC58}"
EndProject
Project("{8BC9CEB8-8B4A-11D0-8D11-00A0C91BC942}") = "0308 JosephsProblem", "src\JosephsProblem\JosephsProblem.vcxproj", "{0F39C572-4BBA-4116-9A9B-6FA2CC9D9FA5}"
EndProject
Project("{8BC9CEB8-8B4A-11D0-8D11-00A0C91BC942}") = "CoreLib DX", "src\CoreLib DX\CoreLib DX.vcxproj", "{A39139AF-B834-405C-B633-4EFA5B97CD74}"
EndProject
Project("{8BC9CEB8-8B4A-11D0-8D11-00A0C91BC942}") = "CoreLib API", "src\CoreLib API\CoreLib API.vcxproj", "{7F433A7B-5A2C-4097-B484-B22758BD241C}"
EndProject
Project("{8BC9CEB8-8B4A-11D0-8D11-00A0C91BC942}") = "CoreLib backup", "src\CoreLib 3D backup\CoreLib 3D backup.vcxproj", "{1528B747-26C5-4F7F-A94E-FE5EA2AEA5A9}"
EndProject
Project("{8BC9CEB8-8B4A-11D0-8D11-00A0C91BC942}") = "0712 UDP", "src\0712 UDP\0712 UDP.vcxproj", "{59AADC60-6234-4A24-B51C-737ADA8B19ED}"
EndProject
Project("{8BC9CEB8-8B4A-11D0-8D11-00A0C91BC942}") = "0619 PainWnd2", "src\0619 PainWnd2\0619 PainWnd2.vcxproj", "{0C524F2A-DC9A-410B-B6BA-3AE770B0A03E}"
EndProject
Project("{8BC9CEB8-8B4A-11D0-8D11-00A0C91BC942}") = "0426 Test", "src\0426 Test\0426 Test.vcxproj", "{7F87D69B-03A3-423D-86A0-4427C80E4BF2}"
EndProject
Project("{8BC9CEB8-8B4A-11D0-8D11-00A0C91BC942}") = "0418 composite", "src\0418 composite\0418 composite.vcxproj", "{06C40670-5D88-4414-BD66-4D68DBBB577D}"
EndProject
Project("{8BC9CEB8-8B4A-11D0-8D11-00A0C91BC942}") = "0410 sort, algorithm", "src\0410 sort\0410 sort.vcxproj", "{903A92FB-1220-4A31-A76A-F862BBA03C62}"
EndProject
Project("{8BC9CEB8-8B4A-11D0-8D11-00A0C91BC942}") = "0402 FileToSTL", "src\0402 FileToSTL\0402 FileToSTL.vcxproj", "{0D09458C-CB25-4B1E-A502-849764A6284D}"
EndProject
Project("{8BC9CEB8-8B4A-11D0-8D11-00A0C91BC942}") = "0322 parent", "src\0322 parent\0322 parent.vcxproj", "{8BAB993D-5631-4826-902C-646DCA6864D5}"
EndProject
Project("{8BC9CEB8-8B4A-11D0-8D11-00A0C91BC942}") = "0321 Rect", "src\0321 Rect\0321 Rect.vcxproj", "{489E86B3-D553-4E67-A535-1F4A6C9D2B43}"
EndProject
Project("{8BC9CEB8-8B4A-11D0-8D11-00A0C91BC942}") = "0320 c++", "src\0320 c++\0320 c++.vcxproj", "{60100DA2-A041-4DCF-AEEA-CBF45266004C}"
EndProject
Project("{8BC9CEB8-8B4A-11D0-8D11-00A0C91BC942}") = "0315 ddong", "src\0315 ddong\0315 ddong.vcxproj", "{05FD9A84-76B8-4625-9D78-E21771E3A747}"
EndProject
Project("{8BC9CEB8-8B4A-11D0-8D11-00A0C91BC942}") = "0314 Omok", "src\0314 Omok\0314 Omok.vcxproj", "{AB9A1341-BD55-4574-A738-B126A43486D1}"
EndProject
Project("{8BC9CEB8-8B4A-11D0-8D11-00A0C91BC942}") = "0314 MagicSquare", "src\0314 MagicSquare\0314 MagicSquare.vcxproj", "{B3D9BF85-5D08-4C1D-A9DE-AF457D8E6148}"
EndProject
Project("{8BC9CEB8-8B4A-11D0-8D11-00A0C91BC942}") = "0313 Snake", "src\0313 Snake\0313 Snake.vcxproj", "{5B5A94B1-CBE1-4BB7-B39C-AF591715A711}"
EndProject
Project("{8BC9CEB8-8B4A-11D0-8D11-00A0C91BC942}") = "0312 Tetris", "src\0312 Tetris\0312 Tetris.vcxproj", "{CD733600-4BCA-4CAD-829B-13C9CDA9A01E}"
EndProject
Project("{8BC9CEB8-8B4A-11D0-8D11-00A0C91BC942}") = "0312 String", "src\0312 String\0312 String.vcxproj", "{524FC604-E9F0-4D9E-9814-6D04F940A5B5}"
EndProject
Project("{8BC9CEB8-8B4A-11D0-8D11-00A0C91BC942}") = "0309 tree", "src\0309 tree\0309 tree.vcxproj", "{819C66C2-3F8B-47FD-AAE6-FBBB51595597}"
EndProject
Project("{8BC9CEB8-8B4A-11D0-8D11-00A0C91BC942}") = "0309 stack", "src\0309 stack\0309 stack.vcxproj", "{281A7E4B-AD88-4BF9-A96B-ED0FA6C7A1A7}"
EndProject
Project("{8BC9CEB8-8B4A-11D0-8D11-00A0C91BC942}") = "0309 queue", "src\0309 queue\0309 queue.vcxproj", "{318688EF-0AA0-421D-B4F6-A6A0D13B564A}"
EndProject
Project("{8BC9CEB8-8B4A-11D0-8D11-00A0C91BC942}") = "0308 list", "src\0308 list\0308 list.vcxproj", "{5BED009C-1EF7-4B16-8B99-1D699756494F}"
EndProject
Project("{8BC9CEB8-8B4A-11D0-8D11-00A0C91BC942}") = "0307 star, square", "src\0307 star\0307 star.vcxproj", "{60DDB87E-A880-4313-8E2D-DCFAA32FF5C5}"
EndProject
Global
	GlobalSection(SolutionConfigurationPlatforms) = preSolution
		Debug|x64 = Debug|x64
		Debug|x86 = Debug|x86
		Release|x64 = Release|x64
		Release|x86 = Release|x86
	EndGlobalSection
	GlobalSection(ProjectConfigurationPlatforms) = postSolution
		{D961CB9F-97FD-4041-8523-0F75B1343CB0}.Debug|x64.ActiveCfg = Debug|x64
		{D961CB9F-97FD-4041-8523-0F75B1343CB0}.Debug|x64.Build.0 = Debug|x64
		{D961CB9F-97FD-4041-8523-0F75B1343CB0}.Debug|x86.ActiveCfg = Debug|Win32
		{D961CB9F-97FD-4041-8523-0F75B1343CB0}.Debug|x86.Build.0 = Debug|Win32
		{D961CB9F-97FD-4041-8523-0F75B1343CB0}.Release|x64.ActiveCfg = Release|x64
		{D961CB9F-97FD-4041-8523-0F75B1343CB0}.Release|x64.Build.0 = Release|x64
		{D961CB9F-97FD-4041-8523-0F75B1343CB0}.Release|x86.ActiveCfg = Release|Win32
		{D961CB9F-97FD-4041-8523-0F75B1343CB0}.Release|x86.Build.0 = Release|Win32
		{225A8550-2587-4826-8CE8-469E8CB9CE74}.Debug|x64.ActiveCfg = Debug|x64
		{225A8550-2587-4826-8CE8-469E8CB9CE74}.Debug|x64.Build.0 = Debug|x64
		{225A8550-2587-4826-8CE8-469E8CB9CE74}.Debug|x86.ActiveCfg = Debug|Win32
		{225A8550-2587-4826-8CE8-469E8CB9CE74}.Debug|x86.Build.0 = Debug|Win32
		{225A8550-2587-4826-8CE8-469E8CB9CE74}.Release|x64.ActiveCfg = Release|x64
		{225A8550-2587-4826-8CE8-469E8CB9CE74}.Release|x64.Build.0 = Release|x64
		{225A8550-2587-4826-8CE8-469E8CB9CE74}.Release|x86.ActiveCfg = Release|Win32
		{225A8550-2587-4826-8CE8-469E8CB9CE74}.Release|x86.Build.0 = Release|Win32
		{FFA1B915-1D44-4B0B-A60D-BA1E5138EC0D}.Debug|x64.ActiveCfg = Debug|x64
		{FFA1B915-1D44-4B0B-A60D-BA1E5138EC0D}.Debug|x64.Build.0 = Debug|x64
		{FFA1B915-1D44-4B0B-A60D-BA1E5138EC0D}.Debug|x86.ActiveCfg = Debug|Win32
		{FFA1B915-1D44-4B0B-A60D-BA1E5138EC0D}.Debug|x86.Build.0 = Debug|Win32
		{FFA1B915-1D44-4B0B-A60D-BA1E5138EC0D}.Release|x64.ActiveCfg = Release|x64
		{FFA1B915-1D44-4B0B-A60D-BA1E5138EC0D}.Release|x64.Build.0 = Release|x64
		{FFA1B915-1D44-4B0B-A60D-BA1E5138EC0D}.Release|x86.ActiveCfg = Release|Win32
		{FFA1B915-1D44-4B0B-A60D-BA1E5138EC0D}.Release|x86.Build.0 = Release|Win32
		{A05A1AD1-B977-4615-BAB5-4A4B4A20EA6B}.Debug|x64.ActiveCfg = Debug|x64
		{A05A1AD1-B977-4615-BAB5-4A4B4A20EA6B}.Debug|x64.Build.0 = Debug|x64
		{A05A1AD1-B977-4615-BAB5-4A4B4A20EA6B}.Debug|x86.ActiveCfg = Debug|Win32
		{A05A1AD1-B977-4615-BAB5-4A4B4A20EA6B}.Debug|x86.Build.0 = Debug|Win32
		{A05A1AD1-B977-4615-BAB5-4A4B4A20EA6B}.Release|x64.ActiveCfg = Release|x64
		{A05A1AD1-B977-4615-BAB5-4A4B4A20EA6B}.Release|x64.Build.0 = Release|x64
		{A05A1AD1-B977-4615-BAB5-4A4B4A20EA6B}.Release|x86.ActiveCfg = Release|Win32
		{A05A1AD1-B977-4615-BAB5-4A4B4A20EA6B}.Release|x86.Build.0 = Release|Win32
		{C4C93239-2BE2-4CBB-B8F5-934FD8D92C3E}.Debug|x64.ActiveCfg = Debug|x64
		{C4C93239-2BE2-4CBB-B8F5-934FD8D92C3E}.Debug|x64.Build.0 = Debug|x64
		{C4C93239-2BE2-4CBB-B8F5-934FD8D92C3E}.Debug|x86.ActiveCfg = Debug|Win32
		{C4C93239-2BE2-4CBB-B8F5-934FD8D92C3E}.Debug|x86.Build.0 = Debug|Win32
		{C4C93239-2BE2-4CBB-B8F5-934FD8D92C3E}.Release|x64.ActiveCfg = Release|x64
		{C4C93239-2BE2-4CBB-B8F5-934FD8D92C3E}.Release|x64.Build.0 = Release|x64
		{C4C93239-2BE2-4CBB-B8F5-934FD8D92C3E}.Release|x86.ActiveCfg = Release|Win32
		{C4C93239-2BE2-4CBB-B8F5-934FD8D92C3E}.Release|x86.Build.0 = Release|Win32
		{0D5E3896-AA87-44D5-9CF0-7ED51A7349CB}.Debug|x64.ActiveCfg = Debug|x64
		{0D5E3896-AA87-44D5-9CF0-7ED51A7349CB}.Debug|x64.Build.0 = Debug|x64
		{0D5E3896-AA87-44D5-9CF0-7ED51A7349CB}.Debug|x86.ActiveCfg = Debug|Win32
		{0D5E3896-AA87-44D5-9CF0-7ED51A7349CB}.Debug|x86.Build.0 = Debug|Win32
		{0D5E3896-AA87-44D5-9CF0-7ED51A7349CB}.Release|x64.ActiveCfg = Release|x64
		{0D5E3896-AA87-44D5-9CF0-7ED51A7349CB}.Release|x64.Build.0 = Release|x64
		{0D5E3896-AA87-44D5-9CF0-7ED51A7349CB}.Release|x86.ActiveCfg = Release|Win32
		{0D5E3896-AA87-44D5-9CF0-7ED51A7349CB}.Release|x86.Build.0 = Release|Win32
		{0456A64B-0712-4E26-8A13-5D906ABF68F4}.Debug|x64.ActiveCfg = Debug|x64
		{0456A64B-0712-4E26-8A13-5D906ABF68F4}.Debug|x64.Build.0 = Debug|x64
		{0456A64B-0712-4E26-8A13-5D906ABF68F4}.Debug|x86.ActiveCfg = Debug|Win32
		{0456A64B-0712-4E26-8A13-5D906ABF68F4}.Debug|x86.Build.0 = Debug|Win32
		{0456A64B-0712-4E26-8A13-5D906ABF68F4}.Release|x64.ActiveCfg = Release|x64
		{0456A64B-0712-4E26-8A13-5D906ABF68F4}.Release|x64.Build.0 = Release|x64
		{0456A64B-0712-4E26-8A13-5D906ABF68F4}.Release|x86.ActiveCfg = Release|Win32
		{0456A64B-0712-4E26-8A13-5D906ABF68F4}.Release|x86.Build.0 = Release|Win32
		{AB86AF0B-BA90-4C2A-86CA-5F9CAA1BB148}.Debug|x64.ActiveCfg = Debug|x64
		{AB86AF0B-BA90-4C2A-86CA-5F9CAA1BB148}.Debug|x64.Build.0 = Debug|x64
		{AB86AF0B-BA90-4C2A-86CA-5F9CAA1BB148}.Debug|x86.ActiveCfg = Debug|Win32
		{AB86AF0B-BA90-4C2A-86CA-5F9CAA1BB148}.Debug|x86.Build.0 = Debug|Win32
		{AB86AF0B-BA90-4C2A-86CA-5F9CAA1BB148}.Release|x64.ActiveCfg = Release|x64
		{AB86AF0B-BA90-4C2A-86CA-5F9CAA1BB148}.Release|x64.Build.0 = Release|x64
		{AB86AF0B-BA90-4C2A-86CA-5F9CAA1BB148}.Release|x86.ActiveCfg = Release|Win32
		{AB86AF0B-BA90-4C2A-86CA-5F9CAA1BB148}.Release|x86.Build.0 = Release|Win32
		{DB9ABF9F-50E0-484E-AE14-AF88AA500EF7}.Debug|x64.ActiveCfg = Debug|x64
		{DB9ABF9F-50E0-484E-AE14-AF88AA500EF7}.Debug|x64.Build.0 = Debug|x64
		{DB9ABF9F-50E0-484E-AE14-AF88AA500EF7}.Debug|x86.ActiveCfg = Debug|Win32
		{DB9ABF9F-50E0-484E-AE14-AF88AA500EF7}.Debug|x86.Build.0 = Debug|Win32
		{DB9ABF9F-50E0-484E-AE14-AF88AA500EF7}.Release|x64.ActiveCfg = Release|x64
		{DB9ABF9F-50E0-484E-AE14-AF88AA500EF7}.Release|x64.Build.0 = Release|x64
		{DB9ABF9F-50E0-484E-AE14-AF88AA500EF7}.Release|x86.ActiveCfg = Release|Win32
		{DB9ABF9F-50E0-484E-AE14-AF88AA500EF7}.Release|x86.Build.0 = Release|Win32
		{F0297E40-5636-4540-81E6-DB8C902F8E66}.Debug|x64.ActiveCfg = Debug|x64
		{F0297E40-5636-4540-81E6-DB8C902F8E66}.Debug|x64.Build.0 = Debug|x64
		{F0297E40-5636-4540-81E6-DB8C902F8E66}.Debug|x86.ActiveCfg = Debug|Win32
		{F0297E40-5636-4540-81E6-DB8C902F8E66}.Debug|x86.Build.0 = Debug|Win32
		{F0297E40-5636-4540-81E6-DB8C902F8E66}.Release|x64.ActiveCfg = Release|x64
		{F0297E40-5636-4540-81E6-DB8C902F8E66}.Release|x64.Build.0 = Release|x64
		{F0297E40-5636-4540-81E6-DB8C902F8E66}.Release|x86.ActiveCfg = Release|Win32
		{F0297E40-5636-4540-81E6-DB8C902F8E66}.Release|x86.Build.0 = Release|Win32
		{F9DE2BA5-DD53-448F-BC7E-0B3E45C24E64}.Debug|x64.ActiveCfg = Debug|x64
		{F9DE2BA5-DD53-448F-BC7E-0B3E45C24E64}.Debug|x64.Build.0 = Debug|x64
		{F9DE2BA5-DD53-448F-BC7E-0B3E45C24E64}.Debug|x86.ActiveCfg = Debug|Win32
		{F9DE2BA5-DD53-448F-BC7E-0B3E45C24E64}.Debug|x86.Build.0 = Debug|Win32
		{F9DE2BA5-DD53-448F-BC7E-0B3E45C24E64}.Release|x64.ActiveCfg = Release|x64
		{F9DE2BA5-DD53-448F-BC7E-0B3E45C24E64}.Release|x64.Build.0 = Release|x64
		{F9DE2BA5-DD53-448F-BC7E-0B3E45C24E64}.Release|x86.ActiveCfg = Release|Win32
		{F9DE2BA5-DD53-448F-BC7E-0B3E45C24E64}.Release|x86.Build.0 = Release|Win32
		{7B650CFA-AB54-4042-AAA2-546E7BB46719}.Debug|x64.ActiveCfg = Debug|x64
		{7B650CFA-AB54-4042-AAA2-546E7BB46719}.Debug|x64.Build.0 = Debug|x64
		{7B650CFA-AB54-4042-AAA2-546E7BB46719}.Debug|x86.ActiveCfg = Debug|Win32
		{7B650CFA-AB54-4042-AAA2-546E7BB46719}.Debug|x86.Build.0 = Debug|Win32
		{7B650CFA-AB54-4042-AAA2-546E7BB46719}.Release|x64.ActiveCfg = Release|x64
		{7B650CFA-AB54-4042-AAA2-546E7BB46719}.Release|x64.Build.0 = Release|x64
		{7B650CFA-AB54-4042-AAA2-546E7BB46719}.Release|x86.ActiveCfg = Release|Win32
		{7B650CFA-AB54-4042-AAA2-546E7BB46719}.Release|x86.Build.0 = Release|Win32
		{56F7C9E2-4369-4040-9BF9-9BC567A481AC}.Debug|x64.ActiveCfg = Debug|Win32
		{56F7C9E2-4369-4040-9BF9-9BC567A481AC}.Debug|x86.ActiveCfg = Debug|Win32
		{56F7C9E2-4369-4040-9BF9-9BC567A481AC}.Debug|x86.Build.0 = Debug|Win32
		{56F7C9E2-4369-4040-9BF9-9BC567A481AC}.Release|x64.ActiveCfg = Release|Win32
		{56F7C9E2-4369-4040-9BF9-9BC567A481AC}.Release|x86.ActiveCfg = Release|Win32
		{56F7C9E2-4369-4040-9BF9-9BC567A481AC}.Release|x86.Build.0 = Release|Win32
		{B1D41A01-535D-4460-B8C2-A7CCEFD563F0}.Debug|x64.ActiveCfg = Debug|x64
		{B1D41A01-535D-4460-B8C2-A7CCEFD563F0}.Debug|x64.Build.0 = Debug|x64
		{B1D41A01-535D-4460-B8C2-A7CCEFD563F0}.Debug|x86.ActiveCfg = Debug|Win32
		{B1D41A01-535D-4460-B8C2-A7CCEFD563F0}.Debug|x86.Build.0 = Debug|Win32
		{B1D41A01-535D-4460-B8C2-A7CCEFD563F0}.Release|x64.ActiveCfg = Release|x64
		{B1D41A01-535D-4460-B8C2-A7CCEFD563F0}.Release|x64.Build.0 = Release|x64
		{B1D41A01-535D-4460-B8C2-A7CCEFD563F0}.Release|x86.ActiveCfg = Release|Win32
		{B1D41A01-535D-4460-B8C2-A7CCEFD563F0}.Release|x86.Build.0 = Release|Win32
		{15A22721-2D6E-4AC5-B404-CDCA91C22ADC}.Debug|x64.ActiveCfg = Debug|x64
		{15A22721-2D6E-4AC5-B404-CDCA91C22ADC}.Debug|x64.Build.0 = Debug|x64
		{15A22721-2D6E-4AC5-B404-CDCA91C22ADC}.Debug|x86.ActiveCfg = Debug|Win32
		{15A22721-2D6E-4AC5-B404-CDCA91C22ADC}.Debug|x86.Build.0 = Debug|Win32
		{15A22721-2D6E-4AC5-B404-CDCA91C22ADC}.Release|x64.ActiveCfg = Release|x64
		{15A22721-2D6E-4AC5-B404-CDCA91C22ADC}.Release|x64.Build.0 = Release|x64
		{15A22721-2D6E-4AC5-B404-CDCA91C22ADC}.Release|x86.ActiveCfg = Release|Win32
		{15A22721-2D6E-4AC5-B404-CDCA91C22ADC}.Release|x86.Build.0 = Release|Win32
		{D4EE454C-A842-4ED4-8854-D32273746FB9}.Debug|x64.ActiveCfg = Debug|x64
		{D4EE454C-A842-4ED4-8854-D32273746FB9}.Debug|x64.Build.0 = Debug|x64
		{D4EE454C-A842-4ED4-8854-D32273746FB9}.Debug|x86.ActiveCfg = Debug|Win32
		{D4EE454C-A842-4ED4-8854-D32273746FB9}.Debug|x86.Build.0 = Debug|Win32
		{D4EE454C-A842-4ED4-8854-D32273746FB9}.Release|x64.ActiveCfg = Release|x64
		{D4EE454C-A842-4ED4-8854-D32273746FB9}.Release|x64.Build.0 = Release|x64
		{D4EE454C-A842-4ED4-8854-D32273746FB9}.Release|x86.ActiveCfg = Release|Win32
		{D4EE454C-A842-4ED4-8854-D32273746FB9}.Release|x86.Build.0 = Release|Win32
		{82B1C692-5833-480A-B5FE-2A630FA4B40F}.Debug|x64.ActiveCfg = Debug|x64
		{82B1C692-5833-480A-B5FE-2A630FA4B40F}.Debug|x64.Build.0 = Debug|x64
		{82B1C692-5833-480A-B5FE-2A630FA4B40F}.Debug|x86.ActiveCfg = Debug|Win32
		{82B1C692-5833-480A-B5FE-2A630FA4B40F}.Debug|x86.Build.0 = Debug|Win32
		{82B1C692-5833-480A-B5FE-2A630FA4B40F}.Release|x64.ActiveCfg = Release|x64
		{82B1C692-5833-480A-B5FE-2A630FA4B40F}.Release|x64.Build.0 = Release|x64
		{82B1C692-5833-480A-B5FE-2A630FA4B40F}.Release|x86.ActiveCfg = Release|Win32
		{82B1C692-5833-480A-B5FE-2A630FA4B40F}.Release|x86.Build.0 = Release|Win32
		{CCD0C42E-2249-4186-9993-463B597AAC58}.Debug|x64.ActiveCfg = Debug|x64
		{CCD0C42E-2249-4186-9993-463B597AAC58}.Debug|x64.Build.0 = Debug|x64
		{CCD0C42E-2249-4186-9993-463B597AAC58}.Debug|x86.ActiveCfg = Debug|Win32
		{CCD0C42E-2249-4186-9993-463B597AAC58}.Debug|x86.Build.0 = Debug|Win32
		{CCD0C42E-2249-4186-9993-463B597AAC58}.Release|x64.ActiveCfg = Release|x64
		{CCD0C42E-2249-4186-9993-463B597AAC58}.Release|x64.Build.0 = Release|x64
		{CCD0C42E-2249-4186-9993-463B597AAC58}.Release|x86.ActiveCfg = Release|Win32
		{CCD0C42E-2249-4186-9993-463B597AAC58}.Release|x86.Build.0 = Release|Win32
		{0F39C572-4BBA-4116-9A9B-6FA2CC9D9FA5}.Debug|x64.ActiveCfg = Debug|x64
		{0F39C572-4BBA-4116-9A9B-6FA2CC9D9FA5}.Debug|x64.Build.0 = Debug|x64
		{0F39C572-4BBA-4116-9A9B-6FA2CC9D9FA5}.Debug|x86.ActiveCfg = Debug|Win32
		{0F39C572-4BBA-4116-9A9B-6FA2CC9D9FA5}.Debug|x86.Build.0 = Debug|Win32
		{0F39C572-4BBA-4116-9A9B-6FA2CC9D9FA5}.Release|x64.ActiveCfg = Release|x64
		{0F39C572-4BBA-4116-9A9B-6FA2CC9D9FA5}.Release|x64.Build.0 = Release|x64
		{0F39C572-4BBA-4116-9A9B-6FA2CC9D9FA5}.Release|x86.ActiveCfg = Release|Win32
		{0F39C572-4BBA-4116-9A9B-6FA2CC9D9FA5}.Release|x86.Build.0 = Release|Win32
		{A39139AF-B834-405C-B633-4EFA5B97CD74}.Debug|x64.ActiveCfg = Debug|x64
		{A39139AF-B834-405C-B633-4EFA5B97CD74}.Debug|x64.Build.0 = Debug|x64
		{A39139AF-B834-405C-B633-4EFA5B97CD74}.Debug|x86.ActiveCfg = Debug|Win32
		{A39139AF-B834-405C-B633-4EFA5B97CD74}.Debug|x86.Build.0 = Debug|Win32
		{A39139AF-B834-405C-B633-4EFA5B97CD74}.Release|x64.ActiveCfg = Release|x64
		{A39139AF-B834-405C-B633-4EFA5B97CD74}.Release|x64.Build.0 = Release|x64
		{A39139AF-B834-405C-B633-4EFA5B97CD74}.Release|x86.ActiveCfg = Release|Win32
		{A39139AF-B834-405C-B633-4EFA5B97CD74}.Release|x86.Build.0 = Release|Win32
		{7F433A7B-5A2C-4097-B484-B22758BD241C}.Debug|x64.ActiveCfg = Debug|x64
		{7F433A7B-5A2C-4097-B484-B22758BD241C}.Debug|x64.Build.0 = Debug|x64
		{7F433A7B-5A2C-4097-B484-B22758BD241C}.Debug|x86.ActiveCfg = Debug|Win32
		{7F433A7B-5A2C-4097-B484-B22758BD241C}.Debug|x86.Build.0 = Debug|Win32
		{7F433A7B-5A2C-4097-B484-B22758BD241C}.Release|x64.ActiveCfg = Release|x64
		{7F433A7B-5A2C-4097-B484-B22758BD241C}.Release|x64.Build.0 = Release|x64
		{7F433A7B-5A2C-4097-B484-B22758BD241C}.Release|x86.ActiveCfg = Release|Win32
		{7F433A7B-5A2C-4097-B484-B22758BD241C}.Release|x86.Build.0 = Release|Win32
		{1528B747-26C5-4F7F-A94E-FE5EA2AEA5A9}.Debug|x64.ActiveCfg = Debug|x64
		{1528B747-26C5-4F7F-A94E-FE5EA2AEA5A9}.Debug|x64.Build.0 = Debug|x64
		{1528B747-26C5-4F7F-A94E-FE5EA2AEA5A9}.Debug|x86.ActiveCfg = Debug|Win32
		{1528B747-26C5-4F7F-A94E-FE5EA2AEA5A9}.Debug|x86.Build.0 = Debug|Win32
		{1528B747-26C5-4F7F-A94E-FE5EA2AEA5A9}.Release|x64.ActiveCfg = Release|x64
		{1528B747-26C5-4F7F-A94E-FE5EA2AEA5A9}.Release|x64.Build.0 = Release|x64
		{1528B747-26C5-4F7F-A94E-FE5EA2AEA5A9}.Release|x86.ActiveCfg = Release|Win32
		{1528B747-26C5-4F7F-A94E-FE5EA2AEA5A9}.Release|x86.Build.0 = Release|Win32
		{59AADC60-6234-4A24-B51C-737ADA8B19ED}.Debug|x64.ActiveCfg = Debug|x64
		{59AADC60-6234-4A24-B51C-737ADA8B19ED}.Debug|x64.Build.0 = Debug|x64
		{59AADC60-6234-4A24-B51C-737ADA8B19ED}.Debug|x86.ActiveCfg = Debug|Win32
		{59AADC60-6234-4A24-B51C-737ADA8B19ED}.Debug|x86.Build.0 = Debug|Win32
		{59AADC60-6234-4A24-B51C-737ADA8B19ED}.Release|x64.ActiveCfg = Release|x64
		{59AADC60-6234-4A24-B51C-737ADA8B19ED}.Release|x64.Build.0 = Release|x64
		{59AADC60-6234-4A24-B51C-737ADA8B19ED}.Release|x86.ActiveCfg = Release|Win32
		{59AADC60-6234-4A24-B51C-737ADA8B19ED}.Release|x86.Build.0 = Release|Win32
		{0C524F2A-DC9A-410B-B6BA-3AE770B0A03E}.Debug|x64.ActiveCfg = Debug|x64
		{0C524F2A-DC9A-410B-B6BA-3AE770B0A03E}.Debug|x64.Build.0 = Debug|x64
		{0C524F2A-DC9A-410B-B6BA-3AE770B0A03E}.Debug|x86.ActiveCfg = Debug|Win32
		{0C524F2A-DC9A-410B-B6BA-3AE770B0A03E}.Debug|x86.Build.0 = Debug|Win32
		{0C524F2A-DC9A-410B-B6BA-3AE770B0A03E}.Release|x64.ActiveCfg = Release|x64
		{0C524F2A-DC9A-410B-B6BA-3AE770B0A03E}.Release|x64.Build.0 = Release|x64
		{0C524F2A-DC9A-410B-B6BA-3AE770B0A03E}.Release|x86.ActiveCfg = Release|Win32
		{0C524F2A-DC9A-410B-B6BA-3AE770B0A03E}.Release|x86.Build.0 = Release|Win32
		{7F87D69B-03A3-423D-86A0-4427C80E4BF2}.Debug|x64.ActiveCfg = Debug|x64
		{7F87D69B-03A3-423D-86A0-4427C80E4BF2}.Debug|x64.Build.0 = Debug|x64
		{7F87D69B-03A3-423D-86A0-4427C80E4BF2}.Debug|x86.ActiveCfg = Debug|Win32
		{7F87D69B-03A3-423D-86A0-4427C80E4BF2}.Debug|x86.Build.0 = Debug|Win32
		{7F87D69B-03A3-423D-86A0-4427C80E4BF2}.Release|x64.ActiveCfg = Release|x64
		{7F87D69B-03A3-423D-86A0-4427C80E4BF2}.Release|x64.Build.0 = Release|x64
		{7F87D69B-03A3-423D-86A0-4427C80E4BF2}.Release|x86.ActiveCfg = Release|Win32
		{7F87D69B-03A3-423D-86A0-4427C80E4BF2}.Release|x86.Build.0 = Release|Win32
		{06C40670-5D88-4414-BD66-4D68DBBB577D}.Debug|x64.ActiveCfg = Debug|x64
		{06C40670-5D88-4414-BD66-4D68DBBB577D}.Debug|x64.Build.0 = Debug|x64
		{06C40670-5D88-4414-BD66-4D68DBBB577D}.Debug|x86.ActiveCfg = Debug|Win32
		{06C40670-5D88-4414-BD66-4D68DBBB577D}.Debug|x86.Build.0 = Debug|Win32
		{06C40670-5D88-4414-BD66-4D68DBBB577D}.Release|x64.ActiveCfg = Release|x64
		{06C40670-5D88-4414-BD66-4D68DBBB577D}.Release|x64.Build.0 = Release|x64
		{06C40670-5D88-4414-BD66-4D68DBBB577D}.Release|x86.ActiveCfg = Release|Win32
		{06C40670-5D88-4414-BD66-4D68DBBB577D}.Release|x86.Build.0 = Release|Win32
		{903A92FB-1220-4A31-A76A-F862BBA03C62}.Debug|x64.ActiveCfg = Debug|x64
		{903A92FB-1220-4A31-A76A-F862BBA03C62}.Debug|x64.Build.0 = Debug|x64
		{903A92FB-1220-4A31-A76A-F862BBA03C62}.Debug|x86.ActiveCfg = Debug|Win32
		{903A92FB-1220-4A31-A76A-F862BBA03C62}.Debug|x86.Build.0 = Debug|Win32
		{903A92FB-1220-4A31-A76A-F862BBA03C62}.Release|x64.ActiveCfg = Release|x64
		{903A92FB-1220-4A31-A76A-F862BBA03C62}.Release|x64.Build.0 = Release|x64
		{903A92FB-1220-4A31-A76A-F862BBA03C62}.Release|x86.ActiveCfg = Release|Win32
		{903A92FB-1220-4A31-A76A-F862BBA03C62}.Release|x86.Build.0 = Release|Win32
		{0D09458C-CB25-4B1E-A502-849764A6284D}.Debug|x64.ActiveCfg = Debug|x64
		{0D09458C-CB25-4B1E-A502-849764A6284D}.Debug|x64.Build.0 = Debug|x64
		{0D09458C-CB25-4B1E-A502-849764A6284D}.Debug|x86.ActiveCfg = Debug|Win32
		{0D09458C-CB25-4B1E-A502-849764A6284D}.Debug|x86.Build.0 = Debug|Win32
		{0D09458C-CB25-4B1E-A502-849764A6284D}.Release|x64.ActiveCfg = Release|x64
		{0D09458C-CB25-4B1E-A502-849764A6284D}.Release|x64.Build.0 = Release|x64
		{0D09458C-CB25-4B1E-A502-849764A6284D}.Release|x86.ActiveCfg = Release|Win32
		{0D09458C-CB25-4B1E-A502-849764A6284D}.Release|x86.Build.0 = Release|Win32
		{8BAB993D-5631-4826-902C-646DCA6864D5}.Debug|x64.ActiveCfg = Debug|x64
		{8BAB993D-5631-4826-902C-646DCA6864D5}.Debug|x64.Build.0 = Debug|x64
		{8BAB993D-5631-4826-902C-646DCA6864D5}.Debug|x86.ActiveCfg = Debug|Win32
		{8BAB993D-5631-4826-902C-646DCA6864D5}.Debug|x86.Build.0 = Debug|Win32
		{8BAB993D-5631-4826-902C-646DCA6864D5}.Release|x64.ActiveCfg = Release|x64
		{8BAB993D-5631-4826-902C-646DCA6864D5}.Release|x64.Build.0 = Release|x64
		{8BAB993D-5631-4826-902C-646DCA6864D5}.Release|x86.ActiveCfg = Release|Win32
		{8BAB993D-5631-4826-902C-646DCA6864D5}.Release|x86.Build.0 = Release|Win32
		{489E86B3-D553-4E67-A535-1F4A6C9D2B43}.Debug|x64.ActiveCfg = Debug|x64
		{489E86B3-D553-4E67-A535-1F4A6C9D2B43}.Debug|x64.Build.0 = Debug|x64
		{489E86B3-D553-4E67-A535-1F4A6C9D2B43}.Debug|x86.ActiveCfg = Debug|Win32
		{489E86B3-D553-4E67-A535-1F4A6C9D2B43}.Debug|x86.Build.0 = Debug|Win32
		{489E86B3-D553-4E67-A535-1F4A6C9D2B43}.Release|x64.ActiveCfg = Release|x64
		{489E86B3-D553-4E67-A535-1F4A6C9D2B43}.Release|x64.Build.0 = Release|x64
		{489E86B3-D553-4E67-A535-1F4A6C9D2B43}.Release|x86.ActiveCfg = Release|Win32
		{489E86B3-D553-4E67-A535-1F4A6C9D2B43}.Release|x86.Build.0 = Release|Win32
		{60100DA2-A041-4DCF-AEEA-CBF45266004C}.Debug|x64.ActiveCfg = Debug|x64
		{60100DA2-A041-4DCF-AEEA-CBF45266004C}.Debug|x64.Build.0 = Debug|x64
		{60100DA2-A041-4DCF-AEEA-CBF45266004C}.Debug|x86.ActiveCfg = Debug|Win32
		{60100DA2-A041-4DCF-AEEA-CBF45266004C}.Debug|x86.Build.0 = Debug|Win32
		{60100DA2-A041-4DCF-AEEA-CBF45266004C}.Release|x64.ActiveCfg = Release|x64
		{60100DA2-A041-4DCF-AEEA-CBF45266004C}.Release|x64.Build.0 = Release|x64
		{60100DA2-A041-4DCF-AEEA-CBF45266004C}.Release|x86.ActiveCfg = Release|Win32
		{60100DA2-A041-4DCF-AEEA-CBF45266004C}.Release|x86.Build.0 = Release|Win32
		{05FD9A84-76B8-4625-9D78-E21771E3A747}.Debug|x64.ActiveCfg = Debug|x64
		{05FD9A84-76B8-4625-9D78-E21771E3A747}.Debug|x64.Build.0 = Debug|x64
		{05FD9A84-76B8-4625-9D78-E21771E3A747}.Debug|x86.ActiveCfg = Debug|Win32
		{05FD9A84-76B8-4625-9D78-E21771E3A747}.Debug|x86.Build.0 = Debug|Win32
		{05FD9A84-76B8-4625-9D78-E21771E3A747}.Release|x64.ActiveCfg = Release|x64
		{05FD9A84-76B8-4625-9D78-E21771E3A747}.Release|x64.Build.0 = Release|x64
		{05FD9A84-76B8-4625-9D78-E21771E3A747}.Release|x86.ActiveCfg = Release|Win32
		{05FD9A84-76B8-4625-9D78-E21771E3A747}.Release|x86.Build.0 = Release|Win32
		{AB9A1341-BD55-4574-A738-B126A43486D1}.Debug|x64.ActiveCfg = Debug|x64
		{AB9A1341-BD55-4574-A738-B126A43486D1}.Debug|x64.Build.0 = Debug|x64
		{AB9A1341-BD55-4574-A738-B126A43486D1}.Debug|x86.ActiveCfg = Debug|Win32
		{AB9A1341-BD55-4574-A738-B126A43486D1}.Debug|x86.Build.0 = Debug|Win32
		{AB9A1341-BD55-4574-A738-B126A43486D1}.Release|x64.ActiveCfg = Release|x64
		{AB9A1341-BD55-4574-A738-B126A43486D1}.Release|x64.Build.0 = Release|x64
		{AB9A1341-BD55-4574-A738-B126A43486D1}.Release|x86.ActiveCfg = Release|Win32
		{AB9A1341-BD55-4574-A738-B126A43486D1}.Release|x86.Build.0 = Release|Win32
		{B3D9BF85-5D08-4C1D-A9DE-AF457D8E6148}.Debug|x64.ActiveCfg = Debug|x64
		{B3D9BF85-5D08-4C1D-A9DE-AF457D8E6148}.Debug|x64.Build.0 = Debug|x64
		{B3D9BF85-5D08-4C1D-A9DE-AF457D8E6148}.Debug|x86.ActiveCfg = Debug|Win32
		{B3D9BF85-5D08-4C1D-A9DE-AF457D8E6148}.Debug|x86.Build.0 = Debug|Win32
		{B3D9BF85-5D08-4C1D-A9DE-AF457D8E6148}.Release|x64.ActiveCfg = Release|x64
		{B3D9BF85-5D08-4C1D-A9DE-AF457D8E6148}.Release|x64.Build.0 = Release|x64
		{B3D9BF85-5D08-4C1D-A9DE-AF457D8E6148}.Release|x86.ActiveCfg = Release|Win32
		{B3D9BF85-5D08-4C1D-A9DE-AF457D8E6148}.Release|x86.Build.0 = Release|Win32
		{5B5A94B1-CBE1-4BB7-B39C-AF591715A711}.Debug|x64.ActiveCfg = Debug|x64
		{5B5A94B1-CBE1-4BB7-B39C-AF591715A711}.Debug|x64.Build.0 = Debug|x64
		{5B5A94B1-CBE1-4BB7-B39C-AF591715A711}.Debug|x86.ActiveCfg = Debug|Win32
		{5B5A94B1-CBE1-4BB7-B39C-AF591715A711}.Debug|x86.Build.0 = Debug|Win32
		{5B5A94B1-CBE1-4BB7-B39C-AF591715A711}.Release|x64.ActiveCfg = Release|x64
		{5B5A94B1-CBE1-4BB7-B39C-AF591715A711}.Release|x64.Build.0 = Release|x64
		{5B5A94B1-CBE1-4BB7-B39C-AF591715A711}.Release|x86.ActiveCfg = Release|Win32
		{5B5A94B1-CBE1-4BB7-B39C-AF591715A711}.Release|x86.Build.0 = Release|Win32
		{CD733600-4BCA-4CAD-829B-13C9CDA9A01E}.Debug|x64.ActiveCfg = Debug|x64
		{CD733600-4BCA-4CAD-829B-13C9CDA9A01E}.Debug|x64.Build.0 = Debug|x64
		{CD733600-4BCA-4CAD-829B-13C9CDA9A01E}.Debug|x86.ActiveCfg = Debug|Win32
		{CD733600-4BCA-4CAD-829B-13C9CDA9A01E}.Debug|x86.Build.0 = Debug|Win32
		{CD733600-4BCA-4CAD-829B-13C9CDA9A01E}.Release|x64.ActiveCfg = Release|x64
		{CD733600-4BCA-4CAD-829B-13C9CDA9A01E}.Release|x64.Build.0 = Release|x64
		{CD733600-4BCA-4CAD-829B-13C9CDA9A01E}.Release|x86.ActiveCfg = Release|Win32
		{CD733600-4BCA-4CAD-829B-13C9CDA9A01E}.Release|x86.Build.0 = Release|Win32
		{524FC604-E9F0-4D9E-9814-6D04F940A5B5}.Debug|x64.ActiveCfg = Debug|x64
		{524FC604-E9F0-4D9E-9814-6D04F940A5B5}.Debug|x64.Build.0 = Debug|x64
		{524FC604-E9F0-4D9E-9814-6D04F940A5B5}.Debug|x86.ActiveCfg = Debug|Win32
		{524FC604-E9F0-4D9E-9814-6D04F940A5B5}.Debug|x86.Build.0 = Debug|Win32
		{524FC604-E9F0-4D9E-9814-6D04F940A5B5}.Release|x64.ActiveCfg = Release|x64
		{524FC604-E9F0-4D9E-9814-6D04F940A5B5}.Release|x64.Build.0 = Release|x64
		{524FC604-E9F0-4D9E-9814-6D04F940A5B5}.Release|x86.ActiveCfg = Release|Win32
		{524FC604-E9F0-4D9E-9814-6D04F940A5B5}.Release|x86.Build.0 = Release|Win32
		{819C66C2-3F8B-47FD-AAE6-FBBB51595597}.Debug|x64.ActiveCfg = Debug|x64
		{819C66C2-3F8B-47FD-AAE6-FBBB51595597}.Debug|x64.Build.0 = Debug|x64
		{819C66C2-3F8B-47FD-AAE6-FBBB51595597}.Debug|x86.ActiveCfg = Debug|Win32
		{819C66C2-3F8B-47FD-AAE6-FBBB51595597}.Debug|x86.Build.0 = Debug|Win32
		{819C66C2-3F8B-47FD-AAE6-FBBB51595597}.Release|x64.ActiveCfg = Release|x64
		{819C66C2-3F8B-47FD-AAE6-FBBB51595597}.Release|x64.Build.0 = Release|x64
		{819C66C2-3F8B-47FD-AAE6-FBBB51595597}.Release|x86.ActiveCfg = Release|Win32
		{819C66C2-3F8B-47FD-AAE6-FBBB51595597}.Release|x86.Build.0 = Release|Win32
		{281A7E4B-AD88-4BF9-A96B-ED0FA6C7A1A7}.Debug|x64.ActiveCfg = Debug|x64
		{281A7E4B-AD88-4BF9-A96B-ED0FA6C7A1A7}.Debug|x64.Build.0 = Debug|x64
		{281A7E4B-AD88-4BF9-A96B-ED0FA6C7A1A7}.Debug|x86.ActiveCfg = Debug|Win32
		{281A7E4B-AD88-4BF9-A96B-ED0FA6C7A1A7}.Debug|x86.Build.0 = Debug|Win32
		{281A7E4B-AD88-4BF9-A96B-ED0FA6C7A1A7}.Release|x64.ActiveCfg = Release|x64
		{281A7E4B-AD88-4BF9-A96B-ED0FA6C7A1A7}.Release|x64.Build.0 = Release|x64
		{281A7E4B-AD88-4BF9-A96B-ED0FA6C7A1A7}.Release|x86.ActiveCfg = Release|Win32
		{281A7E4B-AD88-4BF9-A96B-ED0FA6C7A1A7}.Release|x86.Build.0 = Release|Win32
		{318688EF-0AA0-421D-B4F6-A6A0D13B564A}.Debug|x64.ActiveCfg = Debug|x64
		{318688EF-0AA0-421D-B4F6-A6A0D13B564A}.Debug|x64.Build.0 = Debug|x64
		{318688EF-0AA0-421D-B4F6-A6A0D13B564A}.Debug|x86.ActiveCfg = Debug|Win32
		{318688EF-0AA0-421D-B4F6-A6A0D13B564A}.Debug|x86.Build.0 = Debug|Win32
		{318688EF-0AA0-421D-B4F6-A6A0D13B564A}.Release|x64.ActiveCfg = Release|x64
		{318688EF-0AA0-421D-B4F6-A6A0D13B564A}.Release|x64.Build.0 = Release|x64
		{318688EF-0AA0-421D-B4F6-A6A0D13B564A}.Release|x86.ActiveCfg = Release|Win32
		{318688EF-0AA0-421D-B4F6-A6A0D13B564A}.Release|x86.Build.0 = Release|Win32
		{5BED009C-1EF7-4B16-8B99-1D699756494F}.Debug|x64.ActiveCfg = Debug|x64
		{5BED009C-1EF7-4B16-8B99-1D699756494F}.Debug|x64.Build.0 = Debug|x64
		{5BED009C-1EF7-4B16-8B99-1D699756494F}.Debug|x86.ActiveCfg = Debug|Win32
		{5BED009C-1EF7-4B16-8B99-1D699756494F}.Debug|x86.Build.0 = Debug|Win32
		{5BED009C-1EF7-4B16-8B99-1D699756494F}.Release|x64.ActiveCfg = Release|x64
		{5BED009C-1EF7-4B16-8B99-1D699756494F}.Release|x64.Build.0 = Release|x64
		{5BED009C-1EF7-4B16-8B99-1D699756494F}.Release|x86.ActiveCfg = Release|Win32
		{5BED009C-1EF7-4B16-8B99-1D699756494F}.Release|x86.Build.0 = Release|Win32
		{60DDB87E-A880-4313-8E2D-DCFAA32FF5C5}.Debug|x64.ActiveCfg = Debug|x64
		{60DDB87E-A880-4313-8E2D-DCFAA32FF5C5}.Debug|x64.Build.0 = Debug|x64
		{60DDB87E-A880-4313-8E2D-DCFAA32FF5C5}.Debug|x86.ActiveCfg = Debug|Win32
		{60DDB87E-A880-4313-8E2D-DCFAA32FF5C5}.Debug|x86.Build.0 = Debug|Win32
		{60DDB87E-A880-4313-8E2D-DCFAA32FF5C5}.Release|x64.ActiveCfg = Release|x64
		{60DDB87E-A880-4313-8E2D-DCFAA32FF5C5}.Release|x64.Build.0 = Release|x64
		{60DDB87E-A880-4313-8E2D-DCFAA32FF5C5}.Release|x86.ActiveCfg = Release|Win32
		{60DDB87E-A880-4313-8E2D-DCFAA32FF5C5}.Release|x86.Build.0 = Release|Win32
	EndGlobalSection
	GlobalSection(SolutionProperties) = preSolution
		HideSolutionNode = FALSE
	EndGlobalSection
	GlobalSection(NestedProjects) = preSolution
		{87B9C645-6B76-4F6F-B475-0699E06BFD4A} = {6D6F9F79-AF2F-4BC5-8534-E2C99D8E797D}
		{D961CB9F-97FD-4041-8523-0F75B1343CB0} = {3C609609-77EB-4327-8C0D-C4E2BB925C85}
		{225A8550-2587-4826-8CE8-469E8CB9CE74} = {3C609609-77EB-4327-8C0D-C4E2BB925C85}
		{FFA1B915-1D44-4B0B-A60D-BA1E5138EC0D} = {034D3236-7FD6-438C-804F-433575A43214}
		{A05A1AD1-B977-4615-BAB5-4A4B4A20EA6B} = {96EBD89D-03C0-46C0-ACD7-6B09421B8748}
		{C4C93239-2BE2-4CBB-B8F5-934FD8D92C3E} = {6D6F9F79-AF2F-4BC5-8534-E2C99D8E797D}
		{0D5E3896-AA87-44D5-9CF0-7ED51A7349CB} = {3C609609-77EB-4327-8C0D-C4E2BB925C85}
		{0456A64B-0712-4E26-8A13-5D906ABF68F4} = {87B9C645-6B76-4F6F-B475-0699E06BFD4A}
		{AB86AF0B-BA90-4C2A-86CA-5F9CAA1BB148} = {3C609609-77EB-4327-8C0D-C4E2BB925C85}
		{DB9ABF9F-50E0-484E-AE14-AF88AA500EF7} = {96EBD89D-03C0-46C0-ACD7-6B09421B8748}
		{F0297E40-5636-4540-81E6-DB8C902F8E66} = {96EBD89D-03C0-46C0-ACD7-6B09421B8748}
		{F9DE2BA5-DD53-448F-BC7E-0B3E45C24E64} = {6D6F9F79-AF2F-4BC5-8534-E2C99D8E797D}
		{7B650CFA-AB54-4042-AAA2-546E7BB46719} = {4039FEA4-560F-40E9-AE45-08A32AAA7C8C}
		{56F7C9E2-4369-4040-9BF9-9BC567A481AC} = {87B9C645-6B76-4F6F-B475-0699E06BFD4A}
		{B1D41A01-535D-4460-B8C2-A7CCEFD563F0} = {3C609609-77EB-4327-8C0D-C4E2BB925C85}
		{15A22721-2D6E-4AC5-B404-CDCA91C22ADC} = {96EBD89D-03C0-46C0-ACD7-6B09421B8748}
		{D4EE454C-A842-4ED4-8854-D32273746FB9} = {96EBD89D-03C0-46C0-ACD7-6B09421B8748}
		{82B1C692-5833-480A-B5FE-2A630FA4B40F} = {96EBD89D-03C0-46C0-ACD7-6B09421B8748}
		{CCD0C42E-2249-4186-9993-463B597AAC58} = {96EBD89D-03C0-46C0-ACD7-6B09421B8748}
		{0F39C572-4BBA-4116-9A9B-6FA2CC9D9FA5} = {4039FEA4-560F-40E9-AE45-08A32AAA7C8C}
		{A39139AF-B834-405C-B633-4EFA5B97CD74} = {3C609609-77EB-4327-8C0D-C4E2BB925C85}
		{7F433A7B-5A2C-4097-B484-B22758BD241C} = {87B9C645-6B76-4F6F-B475-0699E06BFD4A}
		{1528B747-26C5-4F7F-A94E-FE5EA2AEA5A9} = {3C609609-77EB-4327-8C0D-C4E2BB925C85}
		{59AADC60-6234-4A24-B51C-737ADA8B19ED} = {96EBD89D-03C0-46C0-ACD7-6B09421B8748}
		{0C524F2A-DC9A-410B-B6BA-3AE770B0A03E} = {034D3236-7FD6-438C-804F-433575A43214}
		{7F87D69B-03A3-423D-86A0-4427C80E4BF2} = {6D6F9F79-AF2F-4BC5-8534-E2C99D8E797D}
		{06C40670-5D88-4414-BD66-4D68DBBB577D} = {6D6F9F79-AF2F-4BC5-8534-E2C99D8E797D}
		{903A92FB-1220-4A31-A76A-F862BBA03C62} = {6D6F9F79-AF2F-4BC5-8534-E2C99D8E797D}
		{0D09458C-CB25-4B1E-A502-849764A6284D} = {6D6F9F79-AF2F-4BC5-8534-E2C99D8E797D}
		{8BAB993D-5631-4826-902C-646DCA6864D5} = {6D6F9F79-AF2F-4BC5-8534-E2C99D8E797D}
		{489E86B3-D553-4E67-A535-1F4A6C9D2B43} = {6D6F9F79-AF2F-4BC5-8534-E2C99D8E797D}
		{60100DA2-A041-4DCF-AEEA-CBF45266004C} = {6D6F9F79-AF2F-4BC5-8534-E2C99D8E797D}
		{05FD9A84-76B8-4625-9D78-E21771E3A747} = {6D6F9F79-AF2F-4BC5-8534-E2C99D8E797D}
		{AB9A1341-BD55-4574-A738-B126A43486D1} = {4039FEA4-560F-40E9-AE45-08A32AAA7C8C}
		{B3D9BF85-5D08-4C1D-A9DE-AF457D8E6148} = {4039FEA4-560F-40E9-AE45-08A32AAA7C8C}
		{5B5A94B1-CBE1-4BB7-B39C-AF591715A711} = {4039FEA4-560F-40E9-AE45-08A32AAA7C8C}
		{CD733600-4BCA-4CAD-829B-13C9CDA9A01E} = {4039FEA4-560F-40E9-AE45-08A32AAA7C8C}
		{524FC604-E9F0-4D9E-9814-6D04F940A5B5} = {4039FEA4-560F-40E9-AE45-08A32AAA7C8C}
		{819C66C2-3F8B-47FD-AAE6-FBBB51595597} = {4039FEA4-560F-40E9-AE45-08A32AAA7C8C}
		{281A7E4B-AD88-4BF9-A96B-ED0FA6C7A1A7} = {4039FEA4-560F-40E9-AE45-08A32AAA7C8C}
		{318688EF-0AA0-421D-B4F6-A6A0D13B564A} = {4039FEA4-560F-40E9-AE45-08A32AAA7C8C}
		{5BED009C-1EF7-4B16-8B99-1D699756494F} = {4039FEA4-560F-40E9-AE45-08A32AAA7C8C}
		{60DDB87E-A880-4313-8E2D-DCFAA32FF5C5} = {4039FEA4-560F-40E9-AE45-08A32AAA7C8C}
	EndGlobalSection
	GlobalSection(ExtensibilityGlobals) = postSolution
		SolutionGuid = {FF386A23-A0AA-42E7-9609-178D3FB9C0A3}
		VisualSVNWorkingCopyRoot = .
	EndGlobalSection
EndGlobal
