<?xml version="1.0" encoding="utf-8"?>
<Project ToolsVersion="4.0" xmlns="http://schemas.microsoft.com/developer/msbuild/2003">
  <ItemGroup>
    <Filter Include="헤더 파일">
      <UniqueIdentifier>{93995380-89BD-4b04-88EB-625FBE52EBFB}</UniqueIdentifier>
      <Extensions>h;hh;hpp;hxx;hm;inl;inc;ipp;xsd</Extensions>
    </Filter>
    <Filter Include="Writer">
      <UniqueIdentifier>{f777b250-02df-4c3a-916c-29093f303beb}</UniqueIdentifier>
    </Filter>
    <Filter Include="Exporter">
      <UniqueIdentifier>{7be1dad9-b7ef-41d1-a536-922dead58444}</UniqueIdentifier>
    </Filter>
  </ItemGroup>
  <ItemGroup>
    <ClInclude Include="stdafx.h">
      <Filter>헤더 파일</Filter>
    </ClInclude>
    <ClInclude Include="targetver.h">
      <Filter>헤더 파일</Filter>
    </ClInclude>
    <ClInclude Include="resource.h">
      <Filter>헤더 파일</Filter>
    </ClInclude>
    <ClInclude Include="Exporter.h">
      <Filter>Exporter</Filter>
    </ClInclude>
    <ClInclude Include="ObjectEx.h">
      <Filter>Writer</Filter>
    </ClInclude>
    <ClInclude Include="WriterEx.h">
      <Filter>Writer</Filter>
    </ClInclude>
    <ClInclude Include="GlobalEx.h">
      <Filter>Writer</Filter>
    </ClInclude>
  </ItemGroup>
  <ItemGroup>
    <ClCompile Include="stdafx.cpp">
      <Filter>헤더 파일</Filter>
    </ClCompile>
    <ClCompile Include="main.cpp">
      <Filter>Exporter</Filter>
    </ClCompile>
    <ClCompile Include="Exporter.cpp">
      <Filter>Exporter</Filter>
    </ClCompile>
    <ClCompile Include="ObjectEx.cpp">
      <Filter>Writer</Filter>
    </ClCompile>
    <ClCompile Include="WriterEx.cpp">
      <Filter>Writer</Filter>
    </ClCompile>
    <ClCompile Include="GlobalEx.cpp">
      <Filter>Writer</Filter>
    </ClCompile>
  </ItemGroup>
  <ItemGroup>
    <ResourceCompile Include="Resource.rc">
      <Filter>헤더 파일</Filter>
    </ResourceCompile>
  </ItemGroup>
  <ItemGroup>
    <None Include="Source.def">
      <Filter>헤더 파일</Filter>
    </None>
    <None Include="ClassDiagram.cd" />
  </ItemGroup>
</Project>