<?xml version="1.0" encoding="utf-8"?>
<Project ToolsVersion="4.0" xmlns="http://schemas.microsoft.com/developer/msbuild/2003">
  <ItemGroup>
    <ClCompile Include="EndingScene.cpp">
      <Filter>Scene</Filter>
    </ClCompile>
    <ClCompile Include="GameScene.cpp">
      <Filter>Scene</Filter>
    </ClCompile>
    <ClCompile Include="IntroScene.cpp">
      <Filter>Scene</Filter>
    </ClCompile>
    <ClCompile Include="MainClass.cpp">
      <Filter>MainCore</Filter>
    </ClCompile>
  </ItemGroup>
  <ItemGroup>
    <ClInclude Include="EndingScene.h">
      <Filter>Scene</Filter>
    </ClInclude>
    <ClInclude Include="GameScene.h">
      <Filter>Scene</Filter>
    </ClInclude>
    <ClInclude Include="IntroScene.h">
      <Filter>Scene</Filter>
    </ClInclude>
    <ClInclude Include="MainClass.h">
      <Filter>MainCore</Filter>
    </ClInclude>
  </ItemGroup>
  <ItemGroup>
    <Text Include="itemData.txt" />
    <Text Include="mapData.txt" />
    <Text Include="srcData.txt" />
  </ItemGroup>
  <ItemGroup>
    <Filter Include="MainCore">
      <UniqueIdentifier>{a7be92ed-aaf3-494f-be27-b0d1df2427f9}</UniqueIdentifier>
    </Filter>
    <Filter Include="Scene">
      <UniqueIdentifier>{641761f9-53ce-4363-a656-74354d4d19e1}</UniqueIdentifier>
    </Filter>
  </ItemGroup>
  <ItemGroup>
    <FxCompile Include="Shader.hlsl" />
  </ItemGroup>
</Project>